
Microsoft Visual Studio Solution File, Format Version 12.00
# Visual Studio Version 17
VisualStudioVersion = 17.0.31903.59
MinimumVisualStudioVersion = 10.0.40219.1
Project("{9A19103F-16F7-4668-BE54-9A1E7A4F7556}") = "FileStorage.API", "FileStorage.API\FileStorage.API.csproj", "{5EECC998-CD1D-4106-BB24-3FF12E8770AE}"
EndProject
Project("{FAE04EC0-301F-11D3-BF4B-00C04F79EFBC}") = "FileStorage.Core", "FileStorage.Core\FileStorage.Core.csproj", "{2D24EF2A-6378-4E38-84EE-58621216EEFF}"
EndProject
Project("{FAE04EC0-301F-11D3-BF4B-00C04F79EFBC}") = "FileStorage.Infrastructure", "FileStorage.Infrastructure\FileStorage.Infrastructure.csproj", "{DA232A54-F1DB-450D-BADF-19107DEC9231}"
EndProject
Project("{FAE04EC0-301F-11D3-BF4B-00C04F79EFBC}") = "FileStorage.Infrastructure.Migrations", "FileStorage.Infrastructure.Migrations\FileStorage.Infrastructure.Migrations.csproj", "{AC8654E2-A650-4690-8397-936B87B5A2D3}"
EndProject
Global
	GlobalSection(SolutionConfigurationPlatforms) = preSolution
		Debug|Any CPU = Debug|Any CPU
		Release|Any CPU = Release|Any CPU
	EndGlobalSection
	GlobalSection(ProjectConfigurationPlatforms) = postSolution
		{5EECC998-CD1D-4106-BB24-3FF12E8770AE}.Debug|Any CPU.ActiveCfg = Debug|Any CPU
		{5EECC998-CD1D-4106-BB24-3FF12E8770AE}.Debug|Any CPU.Build.0 = Debug|Any CPU
		{5EECC998-CD1D-4106-BB24-3FF12E8770AE}.Release|Any CPU.ActiveCfg = Release|Any CPU
		{5EECC998-CD1D-4106-BB24-3FF12E8770AE}.Release|Any CPU.Build.0 = Release|Any CPU
		{2D24EF2A-6378-4E38-84EE-58621216EEFF}.Debug|Any CPU.ActiveCfg = Debug|Any CPU
		{2D24EF2A-6378-4E38-84EE-58621216EEFF}.Debug|Any CPU.Build.0 = Debug|Any CPU
		{2D24EF2A-6378-4E38-84EE-58621216EEFF}.Release|Any CPU.ActiveCfg = Release|Any CPU
		{2D24EF2A-6378-4E38-84EE-58621216EEFF}.Release|Any CPU.Build.0 = Release|Any CPU
		{DA232A54-F1DB-450D-BADF-19107DEC9231}.Debug|Any CPU.ActiveCfg = Debug|Any CPU
		{DA232A54-F1DB-450D-BADF-19107DEC9231}.Debug|Any CPU.Build.0 = Debug|Any CPU
		{DA232A54-F1DB-450D-BADF-19107DEC9231}.Release|Any CPU.ActiveCfg = Release|Any CPU
		{DA232A54-F1DB-450D-BADF-19107DEC9231}.Release|Any CPU.Build.0 = Release|Any CPU
		{AC8654E2-A650-4690-8397-936B87B5A2D3}.Debug|Any CPU.ActiveCfg = Debug|Any CPU
		{AC8654E2-A650-4690-8397-936B87B5A2D3}.Debug|Any CPU.Build.0 = Debug|Any CPU
		{AC8654E2-A650-4690-8397-936B87B5A2D3}.Release|Any CPU.ActiveCfg = Release|Any CPU
		{AC8654E2-A650-4690-8397-936B87B5A2D3}.Release|Any CPU.Build.0 = Release|Any CPU
	EndGlobalSection
	GlobalSection(SolutionProperties) = preSolution
		HideSolutionNode = FALSE
	EndGlobalSection
	GlobalSection(ExtensibilityGlobals) = postSolution
		SolutionGuid = {EE5B0B89-0891-4C58-B427-48316A71E7E3}
	EndGlobalSection
EndGlobal
